
Microsoft Visual Studio Solution File, Format Version 12.00
# Visual Studio Version 17
VisualStudioVersion = 17.1.32319.34
MinimumVisualStudioVersion = 10.0.40219.1
Project("{2150E333-8FDC-42A3-9474-1A3956D46DE8}") = "Services", "Services", "{47920EF7-EBED-49B0-B0C0-8BC06C796BE4}"
EndProject
Project("{FAE04EC0-301F-11D3-BF4B-00C04F79EFBC}") = "PensionDetails", "PensionDetails\PensionDetails.csproj", "{75578F4A-BB92-4006-AA80-018CC5E31B9E}"
EndProject
Project("{FAE04EC0-301F-11D3-BF4B-00C04F79EFBC}") = "ProcessPension", "ProcessPension\ProcessPension.csproj", "{49B4D5D9-94D1-4485-8599-0F0867DF8E96}"
EndProject
Global
	GlobalSection(SolutionConfigurationPlatforms) = preSolution
		Debug|Any CPU = Debug|Any CPU
		Release|Any CPU = Release|Any CPU
	EndGlobalSection
	GlobalSection(ProjectConfigurationPlatforms) = postSolution
		{75578F4A-BB92-4006-AA80-018CC5E31B9E}.Debug|Any CPU.ActiveCfg = Debug|Any CPU
		{75578F4A-BB92-4006-AA80-018CC5E31B9E}.Debug|Any CPU.Build.0 = Debug|Any CPU
		{75578F4A-BB92-4006-AA80-018CC5E31B9E}.Release|Any CPU.ActiveCfg = Release|Any CPU
		{75578F4A-BB92-4006-AA80-018CC5E31B9E}.Release|Any CPU.Build.0 = Release|Any CPU
		{49B4D5D9-94D1-4485-8599-0F0867DF8E96}.Debug|Any CPU.ActiveCfg = Debug|Any CPU
		{49B4D5D9-94D1-4485-8599-0F0867DF8E96}.Debug|Any CPU.Build.0 = Debug|Any CPU
		{49B4D5D9-94D1-4485-8599-0F0867DF8E96}.Release|Any CPU.ActiveCfg = Release|Any CPU
		{49B4D5D9-94D1-4485-8599-0F0867DF8E96}.Release|Any CPU.Build.0 = Release|Any CPU
	EndGlobalSection
	GlobalSection(SolutionProperties) = preSolution
		HideSolutionNode = FALSE
	EndGlobalSection
	GlobalSection(NestedProjects) = preSolution
		{75578F4A-BB92-4006-AA80-018CC5E31B9E} = {47920EF7-EBED-49B0-B0C0-8BC06C796BE4}
		{49B4D5D9-94D1-4485-8599-0F0867DF8E96} = {47920EF7-EBED-49B0-B0C0-8BC06C796BE4}
	EndGlobalSection
	GlobalSection(ExtensibilityGlobals) = postSolution
		SolutionGuid = {6C9AA6D0-D5FE-4C38-9B71-D2E49BE2013E}
	EndGlobalSection
EndGlobal
